
Microsoft Visual Studio Solution File, Format Version 12.00
# Visual Studio Version 17
VisualStudioVersion = 17.0.32112.339
MinimumVisualStudioVersion = 10.0.40219.1
Project("{FAE04EC0-301F-11D3-BF4B-00C04F79EFBC}") = "InventoryManagement", "InventoryManagement\InventoryManagement.csproj", "{D26D2B02-9218-46F1-9D1E-BC9A919BCBDB}"
EndProject
Global
	GlobalSection(SolutionConfigurationPlatforms) = preSolution
		Debug|Any CPU = Debug|Any CPU
		Release|Any CPU = Release|Any CPU
	EndGlobalSection
	GlobalSection(ProjectConfigurationPlatforms) = postSolution
		{D26D2B02-9218-46F1-9D1E-BC9A919BCBDB}.Debug|Any CPU.ActiveCfg = Debug|Any CPU
		{D26D2B02-9218-46F1-9D1E-BC9A919BCBDB}.Debug|Any CPU.Build.0 = Debug|Any CPU
		{D26D2B02-9218-46F1-9D1E-BC9A919BCBDB}.Release|Any CPU.ActiveCfg = Release|Any CPU
		{D26D2B02-9218-46F1-9D1E-BC9A919BCBDB}.Release|Any CPU.Build.0 = Release|Any CPU
	EndGlobalSection
	GlobalSection(SolutionProperties) = preSolution
		HideSolutionNode = FALSE
	EndGlobalSection
	GlobalSection(ExtensibilityGlobals) = postSolution
		SolutionGuid = {B150C482-BFE8-427D-8468-77661D775D27}
	EndGlobalSection
EndGlobal
